Microsoft Visual Studio Solution File, Format Version 12.00
# Visual Studio Version 17
VisualStudioVersion = 17.0.31903.59
MinimumVisualStudioVersion = 10.0.40219.1
Project("{FAE04EC0-301F-11D3-BF4B-00C04F79EFBC}") = "MES.Api", "MES.Api\MES.Api.csproj", "{858CF02F-C2EE-4B3D-9249-C6AE1A237803}"
EndProject
Project("{FAE04EC0-301F-11D3-BF4B-00C04F79EFBC}") = "MES.Services", "MES.Services\MES.Services.csproj", "{6799D848-CB23-40BB-94C9-C9748C36FF69}"
EndProject
Project("{FAE04EC0-301F-11D3-BF4B-00C04F79EFBC}") = "MES.Data", "MES.Data\MES.Data.csproj", "{EC1A7029-B7F2-4757-B0F2-6289308629E7}"
EndProject
Project("{FAE04EC0-301F-11D3-BF4B-00C04F79EFBC}") = "MES.Core", "MES.Core\MES.Core.csproj", "{284980E4-D08F-4FAC-B430-4A8D599E7189}"
EndProject
Project("{FAE04EC0-301F-11D3-BF4B-00C04F79EFBC}") = "MES.Auth", "MES.Auth\MES.Auth.csproj", "{4626A767-4E77-4CEC-ADEF-F2894770040D}"
EndProject
Project("{FAE04EC0-301F-11D3-BF4B-00C04F79EFBC}") = "MES.Blazor", "MES.Blazor\MES.Blazor.csproj", "{336B5382-9BDA-4AD3-9619-5A1619E4DBCA}"
EndProject
Project("{FAE04EC0-301F-11D3-BF4B-00C04F79EFBC}") = "MES.Shared", "MES.Shared\MES.Shared.csproj", "{76F819DC-6936-49D9-8C47-533CFDD659F7}"
EndProject
Project("{FAE04EC0-301F-11D3-BF4B-00C04F79EFBC}") = "MES.Tools", "MES.Tools\MES.Tools.csproj", "{55CC49DE-A66A-41C9-A518-DB8C888BD91C}"
EndProject
Global
	GlobalSection(SolutionConfigurationPlatforms) = preSolution
		Debug|Any CPU = Debug|Any CPU
		Debug|x64 = Debug|x64
		Debug|x86 = Debug|x86
		Release|Any CPU = Release|Any CPU
		Release|x64 = Release|x64
		Release|x86 = Release|x86
	EndGlobalSection
	GlobalSection(ProjectConfigurationPlatforms) = postSolution
		{858CF02F-C2EE-4B3D-9249-C6AE1A237803}.Debug|Any CPU.ActiveCfg = Debug|Any CPU
		{858CF02F-C2EE-4B3D-9249-C6AE1A237803}.Debug|Any CPU.Build.0 = Debug|Any CPU
		{858CF02F-C2EE-4B3D-9249-C6AE1A237803}.Debug|x64.ActiveCfg = Debug|Any CPU
		{858CF02F-C2EE-4B3D-9249-C6AE1A237803}.Debug|x64.Build.0 = Debug|Any CPU
		{858CF02F-C2EE-4B3D-9249-C6AE1A237803}.Debug|x86.ActiveCfg = Debug|Any CPU
		{858CF02F-C2EE-4B3D-9249-C6AE1A237803}.Debug|x86.Build.0 = Debug|Any CPU
		{858CF02F-C2EE-4B3D-9249-C6AE1A237803}.Release|Any CPU.ActiveCfg = Release|Any CPU
		{858CF02F-C2EE-4B3D-9249-C6AE1A237803}.Release|Any CPU.Build.0 = Release|Any CPU
		{858CF02F-C2EE-4B3D-9249-C6AE1A237803}.Release|x64.ActiveCfg = Release|Any CPU
		{858CF02F-C2EE-4B3D-9249-C6AE1A237803}.Release|x64.Build.0 = Release|Any CPU
		{858CF02F-C2EE-4B3D-9249-C6AE1A237803}.Release|x86.ActiveCfg = Release|Any CPU
		{858CF02F-C2EE-4B3D-9249-C6AE1A237803}.Release|x86.Build.0 = Release|Any CPU
		{6799D848-CB23-40BB-94C9-C9748C36FF69}.Debug|Any CPU.ActiveCfg = Debug|Any CPU
		{6799D848-CB23-40BB-94C9-C9748C36FF69}.Debug|Any CPU.Build.0 = Debug|Any CPU
		{6799D848-CB23-40BB-94C9-C9748C36FF69}.Debug|x64.ActiveCfg = Debug|Any CPU
		{6799D848-CB23-40BB-94C9-C9748C36FF69}.Debug|x64.Build.0 = Debug|Any CPU
		{6799D848-CB23-40BB-94C9-C9748C36FF69}.Debug|x86.ActiveCfg = Debug|Any CPU
		{6799D848-CB23-40BB-94C9-C9748C36FF69}.Debug|x86.Build.0 = Debug|Any CPU
		{6799D848-CB23-40BB-94C9-C9748C36FF69}.Release|Any CPU.ActiveCfg = Release|Any CPU
		{6799D848-CB23-40BB-94C9-C9748C36FF69}.Release|Any CPU.Build.0 = Release|Any CPU
		{6799D848-CB23-40BB-94C9-C9748C36FF69}.Release|x64.ActiveCfg = Release|Any CPU
		{6799D848-CB23-40BB-94C9-C9748C36FF69}.Release|x64.Build.0 = Release|Any CPU
		{6799D848-CB23-40BB-94C9-C9748C36FF69}.Release|x86.ActiveCfg = Release|Any CPU
		{6799D848-CB23-40BB-94C9-C9748C36FF69}.Release|x86.Build.0 = Release|Any CPU
		{EC1A7029-B7F2-4757-B0F2-6289308629E7}.Debug|Any CPU.ActiveCfg = Debug|Any CPU
		{EC1A7029-B7F2-4757-B0F2-6289308629E7}.Debug|Any CPU.Build.0 = Debug|Any CPU
		{EC1A7029-B7F2-4757-B0F2-6289308629E7}.Debug|x64.ActiveCfg = Debug|Any CPU
		{EC1A7029-B7F2-4757-B0F2-6289308629E7}.Debug|x64.Build.0 = Debug|Any CPU
		{EC1A7029-B7F2-4757-B0F2-6289308629E7}.Debug|x86.ActiveCfg = Debug|Any CPU
		{EC1A7029-B7F2-4757-B0F2-6289308629E7}.Debug|x86.Build.0 = Debug|Any CPU
		{EC1A7029-B7F2-4757-B0F2-6289308629E7}.Release|Any CPU.ActiveCfg = Release|Any CPU
		{EC1A7029-B7F2-4757-B0F2-6289308629E7}.Release|Any CPU.Build.0 = Release|Any CPU
		{EC1A7029-B7F2-4757-B0F2-6289308629E7}.Release|x64.ActiveCfg = Release|Any CPU
		{EC1A7029-B7F2-4757-B0F2-6289308629E7}.Release|x64.Build.0 = Release|Any CPU
		{EC1A7029-B7F2-4757-B0F2-6289308629E7}.Release|x86.ActiveCfg = Release|Any CPU
		{EC1A7029-B7F2-4757-B0F2-6289308629E7}.Release|x86.Build.0 = Release|Any CPU
		{284980E4-D08F-4FAC-B430-4A8D599E7189}.Debug|Any CPU.ActiveCfg = Debug|Any CPU
		{284980E4-D08F-4FAC-B430-4A8D599E7189}.Debug|Any CPU.Build.0 = Debug|Any CPU
		{284980E4-D08F-4FAC-B430-4A8D599E7189}.Debug|x64.ActiveCfg = Debug|Any CPU
		{284980E4-D08F-4FAC-B430-4A8D599E7189}.Debug|x64.Build.0 = Debug|Any CPU
		{284980E4-D08F-4FAC-B430-4A8D599E7189}.Debug|x86.ActiveCfg = Debug|Any CPU
		{284980E4-D08F-4FAC-B430-4A8D599E7189}.Debug|x86.Build.0 = Debug|Any CPU
		{284980E4-D08F-4FAC-B430-4A8D599E7189}.Release|Any CPU.ActiveCfg = Release|Any CPU
		{284980E4-D08F-4FAC-B430-4A8D599E7189}.Release|Any CPU.Build.0 = Release|Any CPU
		{284980E4-D08F-4FAC-B430-4A8D599E7189}.Release|x64.ActiveCfg = Release|Any CPU
		{284980E4-D08F-4FAC-B430-4A8D599E7189}.Release|x64.Build.0 = Release|Any CPU
		{284980E4-D08F-4FAC-B430-4A8D599E7189}.Release|x86.ActiveCfg = Release|Any CPU
		{284980E4-D08F-4FAC-B430-4A8D599E7189}.Release|x86.Build.0 = Release|Any CPU
		{4626A767-4E77-4CEC-ADEF-F2894770040D}.Debug|Any CPU.ActiveCfg = Debug|Any CPU
		{4626A767-4E77-4CEC-ADEF-F2894770040D}.Debug|Any CPU.Build.0 = Debug|Any CPU
		{4626A767-4E77-4CEC-ADEF-F2894770040D}.Debug|x64.ActiveCfg = Debug|Any CPU
		{4626A767-4E77-4CEC-ADEF-F2894770040D}.Debug|x64.Build.0 = Debug|Any CPU
		{4626A767-4E77-4CEC-ADEF-F2894770040D}.Debug|x86.ActiveCfg = Debug|Any CPU
		{4626A767-4E77-4CEC-ADEF-F2894770040D}.Debug|x86.Build.0 = Debug|Any CPU
		{4626A767-4E77-4CEC-ADEF-F2894770040D}.Release|Any CPU.ActiveCfg = Release|Any CPU
		{4626A767-4E77-4CEC-ADEF-F2894770040D}.Release|Any CPU.Build.0 = Release|Any CPU
		{4626A767-4E77-4CEC-ADEF-F2894770040D}.Release|x64.ActiveCfg = Release|Any CPU
		{4626A767-4E77-4CEC-ADEF-F2894770040D}.Release|x64.Build.0 = Release|Any CPU
		{4626A767-4E77-4CEC-ADEF-F2894770040D}.Release|x86.ActiveCfg = Release|Any CPU
		{4626A767-4E77-4CEC-ADEF-F2894770040D}.Release|x86.Build.0 = Release|Any CPU
		{336B5382-9BDA-4AD3-9619-5A1619E4DBCA}.Debug|Any CPU.ActiveCfg = Debug|Any CPU
		{336B5382-9BDA-4AD3-9619-5A1619E4DBCA}.Debug|Any CPU.Build.0 = Debug|Any CPU
		{336B5382-9BDA-4AD3-9619-5A1619E4DBCA}.Debug|x64.ActiveCfg = Debug|Any CPU
		{336B5382-9BDA-4AD3-9619-5A1619E4DBCA}.Debug|x64.Build.0 = Debug|Any CPU
		{336B5382-9BDA-4AD3-9619-5A1619E4DBCA}.Debug|x86.ActiveCfg = Debug|Any CPU
		{336B5382-9BDA-4AD3-9619-5A1619E4DBCA}.Debug|x86.Build.0 = Debug|Any CPU
		{336B5382-9BDA-4AD3-9619-5A1619E4DBCA}.Release|Any CPU.ActiveCfg = Release|Any CPU
		{336B5382-9BDA-4AD3-9619-5A1619E4DBCA}.Release|Any CPU.Build.0 = Release|Any CPU
		{336B5382-9BDA-4AD3-9619-5A1619E4DBCA}.Release|x64.ActiveCfg = Release|Any CPU
		{336B5382-9BDA-4AD3-9619-5A1619E4DBCA}.Release|x64.Build.0 = Release|Any CPU
		{336B5382-9BDA-4AD3-9619-5A1619E4DBCA}.Release|x86.ActiveCfg = Release|Any CPU
		{336B5382-9BDA-4AD3-9619-5A1619E4DBCA}.Release|x86.Build.0 = Release|Any CPU
		{76F819DC-6936-49D9-8C47-533CFDD659F7}.Debug|Any CPU.ActiveCfg = Debug|Any CPU
		{76F819DC-6936-49D9-8C47-533CFDD659F7}.Debug|Any CPU.Build.0 = Debug|Any CPU
		{76F819DC-6936-49D9-8C47-533CFDD659F7}.Debug|x64.ActiveCfg = Debug|Any CPU
		{76F819DC-6936-49D9-8C47-533CFDD659F7}.Debug|x64.Build.0 = Debug|Any CPU
		{76F819DC-6936-49D9-8C47-533CFDD659F7}.Debug|x86.ActiveCfg = Debug|Any CPU
		{76F819DC-6936-49D9-8C47-533CFDD659F7}.Debug|x86.Build.0 = Debug|Any CPU
		{76F819DC-6936-49D9-8C47-533CFDD659F7}.Release|Any CPU.ActiveCfg = Release|Any CPU
		{76F819DC-6936-49D9-8C47-533CFDD659F7}.Release|Any CPU.Build.0 = Release|Any CPU
		{76F819DC-6936-49D9-8C47-533CFDD659F7}.Release|x64.ActiveCfg = Release|Any CPU
		{76F819DC-6936-49D9-8C47-533CFDD659F7}.Release|x64.Build.0 = Release|Any CPU
		{76F819DC-6936-49D9-8C47-533CFDD659F7}.Release|x86.ActiveCfg = Release|Any CPU
		{76F819DC-6936-49D9-8C47-533CFDD659F7}.Release|x86.Build.0 = Release|Any CPU
		{55CC49DE-A66A-41C9-A518-DB8C888BD91C}.Debug|Any CPU.ActiveCfg = Debug|Any CPU
		{55CC49DE-A66A-41C9-A518-DB8C888BD91C}.Debug|Any CPU.Build.0 = Debug|Any CPU
		{55CC49DE-A66A-41C9-A518-DB8C888BD91C}.Debug|x64.ActiveCfg = Debug|Any CPU
		{55CC49DE-A66A-41C9-A518-DB8C888BD91C}.Debug|x64.Build.0 = Debug|Any CPU
		{55CC49DE-A66A-41C9-A518-DB8C888BD91C}.Debug|x86.ActiveCfg = Debug|Any CPU
		{55CC49DE-A66A-41C9-A518-DB8C888BD91C}.Debug|x86.Build.0 = Debug|Any CPU
		{55CC49DE-A66A-41C9-A518-DB8C888BD91C}.Release|Any CPU.ActiveCfg = Release|Any CPU
		{55CC49DE-A66A-41C9-A518-DB8C888BD91C}.Release|Any CPU.Build.0 = Release|Any CPU
		{55CC49DE-A66A-41C9-A518-DB8C888BD91C}.Release|x64.ActiveCfg = Release|Any CPU
		{55CC49DE-A66A-41C9-A518-DB8C888BD91C}.Release|x64.Build.0 = Release|Any CPU
		{55CC49DE-A66A-41C9-A518-DB8C888BD91C}.Release|x86.ActiveCfg = Release|Any CPU
		{55CC49DE-A66A-41C9-A518-DB8C888BD91C}.Release|x86.Build.0 = Release|Any CPU
	EndGlobalSection
	GlobalSection(SolutionProperties) = preSolution
		HideSolutionNode = FALSE
	EndGlobalSection
EndGlobal
