
Microsoft Visual Studio Solution File, Format Version 12.00
# Visual Studio Version 17
VisualStudioVersion = 17.0.31903.59
MinimumVisualStudioVersion = 10.0.40219.1
Project("{FAE04EC0-301F-11D3-BF4B-00C04F79EFBC}") = "MES.Data", "MES.Data\MES.Data.csproj", "{0C9EEA03-9FF9-4982-9C19-93A50D560128}"
EndProject
Project("{FAE04EC0-301F-11D3-BF4B-00C04F79EFBC}") = "MES.Services", "MES.Services\MES.Services.csproj", "{CF60EC8A-17B5-4A63-ADC2-4B362DE11CC9}"
EndProject
Project("{FAE04EC0-301F-11D3-BF4B-00C04F79EFBC}") = "MES.Common", "MES.Common\MES.Common.csproj", "{4D7A5A0C-1AFA-4CE1-900C-498C2547BB14}"
EndProject
Project("{FAE04EC0-301F-11D3-BF4B-00C04F79EFBC}") = "MES.Api", "MES.Api\MES.Api.csproj", "{C28FFDC0-36BD-4422-A9DB-C09D3DA155DD}"
EndProject
Project("{FAE04EC0-301F-11D3-BF4B-00C04F79EFBC}") = "MES.Blazor", "MES.Blazor\MES.Blazor.csproj", "{0871A272-43EB-4E1D-96EB-5218A622A685}"
EndProject
Global
	GlobalSection(SolutionConfigurationPlatforms) = preSolution
		Debug|Any CPU = Debug|Any CPU
		Debug|x64 = Debug|x64
		Debug|x86 = Debug|x86
		Release|Any CPU = Release|Any CPU
		Release|x64 = Release|x64
		Release|x86 = Release|x86
	EndGlobalSection
	GlobalSection(ProjectConfigurationPlatforms) = postSolution
		{0C9EEA03-9FF9-4982-9C19-93A50D560128}.Debug|Any CPU.ActiveCfg = Debug|Any CPU
		{0C9EEA03-9FF9-4982-9C19-93A50D560128}.Debug|Any CPU.Build.0 = Debug|Any CPU
		{0C9EEA03-9FF9-4982-9C19-93A50D560128}.Debug|x64.ActiveCfg = Debug|Any CPU
		{0C9EEA03-9FF9-4982-9C19-93A50D560128}.Debug|x64.Build.0 = Debug|Any CPU
		{0C9EEA03-9FF9-4982-9C19-93A50D560128}.Debug|x86.ActiveCfg = Debug|Any CPU
		{0C9EEA03-9FF9-4982-9C19-93A50D560128}.Debug|x86.Build.0 = Debug|Any CPU
		{0C9EEA03-9FF9-4982-9C19-93A50D560128}.Release|Any CPU.ActiveCfg = Release|Any CPU
		{0C9EEA03-9FF9-4982-9C19-93A50D560128}.Release|Any CPU.Build.0 = Release|Any CPU
		{0C9EEA03-9FF9-4982-9C19-93A50D560128}.Release|x64.ActiveCfg = Release|Any CPU
		{0C9EEA03-9FF9-4982-9C19-93A50D560128}.Release|x64.Build.0 = Release|Any CPU
		{0C9EEA03-9FF9-4982-9C19-93A50D560128}.Release|x86.ActiveCfg = Release|Any CPU
		{0C9EEA03-9FF9-4982-9C19-93A50D560128}.Release|x86.Build.0 = Release|Any CPU
		{CF60EC8A-17B5-4A63-ADC2-4B362DE11CC9}.Debug|Any CPU.ActiveCfg = Debug|Any CPU
		{CF60EC8A-17B5-4A63-ADC2-4B362DE11CC9}.Debug|Any CPU.Build.0 = Debug|Any CPU
		{CF60EC8A-17B5-4A63-ADC2-4B362DE11CC9}.Debug|x64.ActiveCfg = Debug|Any CPU
		{CF60EC8A-17B5-4A63-ADC2-4B362DE11CC9}.Debug|x64.Build.0 = Debug|Any CPU
		{CF60EC8A-17B5-4A63-ADC2-4B362DE11CC9}.Debug|x86.ActiveCfg = Debug|Any CPU
		{CF60EC8A-17B5-4A63-ADC2-4B362DE11CC9}.Debug|x86.Build.0 = Debug|Any CPU
		{CF60EC8A-17B5-4A63-ADC2-4B362DE11CC9}.Release|Any CPU.ActiveCfg = Release|Any CPU
		{CF60EC8A-17B5-4A63-ADC2-4B362DE11CC9}.Release|Any CPU.Build.0 = Release|Any CPU
		{CF60EC8A-17B5-4A63-ADC2-4B362DE11CC9}.Release|x64.ActiveCfg = Release|Any CPU
		{CF60EC8A-17B5-4A63-ADC2-4B362DE11CC9}.Release|x64.Build.0 = Release|Any CPU
		{CF60EC8A-17B5-4A63-ADC2-4B362DE11CC9}.Release|x86.ActiveCfg = Release|Any CPU
		{CF60EC8A-17B5-4A63-ADC2-4B362DE11CC9}.Release|x86.Build.0 = Release|Any CPU
		{4D7A5A0C-1AFA-4CE1-900C-498C2547BB14}.Debug|Any CPU.ActiveCfg = Debug|Any CPU
		{4D7A5A0C-1AFA-4CE1-900C-498C2547BB14}.Debug|Any CPU.Build.0 = Debug|Any CPU
		{4D7A5A0C-1AFA-4CE1-900C-498C2547BB14}.Debug|x64.ActiveCfg = Debug|Any CPU
		{4D7A5A0C-1AFA-4CE1-900C-498C2547BB14}.Debug|x64.Build.0 = Debug|Any CPU
		{4D7A5A0C-1AFA-4CE1-900C-498C2547BB14}.Debug|x86.ActiveCfg = Debug|Any CPU
		{4D7A5A0C-1AFA-4CE1-900C-498C2547BB14}.Debug|x86.Build.0 = Debug|Any CPU
		{4D7A5A0C-1AFA-4CE1-900C-498C2547BB14}.Release|Any CPU.ActiveCfg = Release|Any CPU
		{4D7A5A0C-1AFA-4CE1-900C-498C2547BB14}.Release|Any CPU.Build.0 = Release|Any CPU
		{4D7A5A0C-1AFA-4CE1-900C-498C2547BB14}.Release|x64.ActiveCfg = Release|Any CPU
		{4D7A5A0C-1AFA-4CE1-900C-498C2547BB14}.Release|x64.Build.0 = Release|Any CPU
		{4D7A5A0C-1AFA-4CE1-900C-498C2547BB14}.Release|x86.ActiveCfg = Release|Any CPU
		{4D7A5A0C-1AFA-4CE1-900C-498C2547BB14}.Release|x86.Build.0 = Release|Any CPU
		{C28FFDC0-36BD-4422-A9DB-C09D3DA155DD}.Debug|Any CPU.ActiveCfg = Debug|Any CPU
		{C28FFDC0-36BD-4422-A9DB-C09D3DA155DD}.Debug|Any CPU.Build.0 = Debug|Any CPU
		{C28FFDC0-36BD-4422-A9DB-C09D3DA155DD}.Debug|x64.ActiveCfg = Debug|Any CPU
		{C28FFDC0-36BD-4422-A9DB-C09D3DA155DD}.Debug|x64.Build.0 = Debug|Any CPU
		{C28FFDC0-36BD-4422-A9DB-C09D3DA155DD}.Debug|x86.ActiveCfg = Debug|Any CPU
		{C28FFDC0-36BD-4422-A9DB-C09D3DA155DD}.Debug|x86.Build.0 = Debug|Any CPU
		{C28FFDC0-36BD-4422-A9DB-C09D3DA155DD}.Release|Any CPU.ActiveCfg = Release|Any CPU
		{C28FFDC0-36BD-4422-A9DB-C09D3DA155DD}.Release|Any CPU.Build.0 = Release|Any CPU
		{C28FFDC0-36BD-4422-A9DB-C09D3DA155DD}.Release|x64.ActiveCfg = Release|Any CPU
		{C28FFDC0-36BD-4422-A9DB-C09D3DA155DD}.Release|x64.Build.0 = Release|Any CPU
		{C28FFDC0-36BD-4422-A9DB-C09D3DA155DD}.Release|x86.ActiveCfg = Release|Any CPU
		{C28FFDC0-36BD-4422-A9DB-C09D3DA155DD}.Release|x86.Build.0 = Release|Any CPU
		{0871A272-43EB-4E1D-96EB-5218A622A685}.Debug|Any CPU.ActiveCfg = Debug|Any CPU
		{0871A272-43EB-4E1D-96EB-5218A622A685}.Debug|Any CPU.Build.0 = Debug|Any CPU
		{0871A272-43EB-4E1D-96EB-5218A622A685}.Debug|x64.ActiveCfg = Debug|Any CPU
		{0871A272-43EB-4E1D-96EB-5218A622A685}.Debug|x64.Build.0 = Debug|Any CPU
		{0871A272-43EB-4E1D-96EB-5218A622A685}.Debug|x86.ActiveCfg = Debug|Any CPU
		{0871A272-43EB-4E1D-96EB-5218A622A685}.Debug|x86.Build.0 = Debug|Any CPU
		{0871A272-43EB-4E1D-96EB-5218A622A685}.Release|Any CPU.ActiveCfg = Release|Any CPU
		{0871A272-43EB-4E1D-96EB-5218A622A685}.Release|Any CPU.Build.0 = Release|Any CPU
		{0871A272-43EB-4E1D-96EB-5218A622A685}.Release|x64.ActiveCfg = Release|Any CPU
		{0871A272-43EB-4E1D-96EB-5218A622A685}.Release|x64.Build.0 = Release|Any CPU
		{0871A272-43EB-4E1D-96EB-5218A622A685}.Release|x86.ActiveCfg = Release|Any CPU
		{0871A272-43EB-4E1D-96EB-5218A622A685}.Release|x86.Build.0 = Release|Any CPU
	EndGlobalSection
	GlobalSection(SolutionProperties) = preSolution
		HideSolutionNode = FALSE
	EndGlobalSection
EndGlobal
